# This lock file was generated by conda-lock (https://github.com/conda/conda-lock). DO NOT EDIT!
#
# A "lock file" contains a concrete list of package versions (with checksums) to be installed. Unlike
# e.g. `conda env create`, the resulting environment will not change as new package versions become
# available, unless you explicitly update the lock file.
#
# Install this environment as "YOURENV" with:
#     conda-lock install -n YOURENV conda-lock.yml
# To update a single package to the latest version compatible with the version constraints in the source:
#     conda-lock lock  --lockfile conda-lock.yml --update PACKAGE
# To re-solve the entire environment, e.g. after changing a version constraint in the source file:
#     conda-lock -f environment.yml --lockfile conda-lock.yml
version: 1
metadata:
  content_hash:
    osx-arm64: b174e9acf523fe551a376fc2b0f57853ffae20ff78a182e67afe570f8cf2fadd
  channels:
  - url: conda-forge
    used_env_vars: []
  platforms:
  - osx-arm64
  sources:
  - environment.yml
package:
- name: annotated-types
  version: 0.7.0
  manager: conda
  platform: osx-arm64
  dependencies:
    python: '>=3.9'
    typing-extensions: '>=4.0.0'
  url: https://conda.anaconda.org/conda-forge/noarch/annotated-types-0.7.0-pyhd8ed1ab_1.conda
  hash:
    md5: 2934f256a8acfe48f6ebb4fce6cde29c
    sha256: e0ea1ba78fbb64f17062601edda82097fcf815012cf52bb704150a2668110d48
  category: main
  optional: false
- name: appdirs
  version: 1.4.4
  manager: conda
  platform: osx-arm64
  dependencies:
    python: '>=3.9'
  url: https://conda.anaconda.org/conda-forge/noarch/appdirs-1.4.4-pyhd8ed1ab_1.conda
  hash:
    md5: f4e90937bbfc3a4a92539545a37bb448
    sha256: 5b9ef6d338525b332e17c3ed089ca2f53a5d74b7a7b432747d29c6466e39346d
  category: main
  optional: false
- name: backports
  version: '1.0'
  manager: conda
  platform: osx-arm64
  dependencies:
    python: '>=3.9'
  url: https://conda.anaconda.org/conda-forge/noarch/backports-1.0-pyhd8ed1ab_5.conda
  hash:
    md5: 767d508c1a67e02ae8f50e44cacfadb2
    sha256: e1c3dc8b5aa6e12145423fed262b4754d70fec601339896b9ccf483178f690a6
  category: main
  optional: false
- name: backports.tarfile
  version: 1.2.0
  manager: conda
  platform: osx-arm64
  dependencies:
    backports: ''
    python: ''
  url: https://conda.anaconda.org/conda-forge/noarch/backports.tarfile-1.2.0-pyhcf101f3_2.conda
  hash:
    md5: bea46844deb274b2cc2a3a941745fa73
    sha256: 25abdb37e186f0d6ac3b774a63c81c5bc4bf554b5096b51343fa5e7c381193b1
  category: main
  optional: false
- name: backports.zstd
  version: 1.3.0
  manager: conda
  platform: osx-arm64
  dependencies:
    __osx: '>=11.0'
    python: 3.12.*
    python_abi: 3.12.*
    zstd: '>=1.5.7,<1.6.0a0'
  url: https://conda.anaconda.org/conda-forge/osx-arm64/backports.zstd-1.3.0-py312h44dc372_0.conda
  hash:
    md5: c2d5961bfd98504b930e704426d16572
    sha256: aee745bfca32f7073d3298157bbb2273d6d83383cb266840cf0a7862b3cd8efc
  category: main
  optional: false
- name: boltons
  version: 25.0.0
  manager: conda
  platform: osx-arm64
  dependencies:
    python: '>=3.9'
  url: https://conda.anaconda.org/conda-forge/noarch/boltons-25.0.0-pyhd8ed1ab_0.conda
  hash:
    md5: c7eb87af73750d6fd97eff8bbee8cb9c
    sha256: ea5f4c876eff2ed469551b57f1cc889a3c01128bf3e2e10b1fea11c3ef39eac2
  category: main
  optional: false
- name: brotli-python
  version: 1.2.0
  manager: conda
  platform: osx-arm64
  dependencies:
    __osx: '>=11.0'
    libcxx: '>=19'
    python: '>=3.12,<3.13.0a0'
    python_abi: 3.12.*
  url: https://conda.anaconda.org/conda-forge/osx-arm64/brotli-python-1.2.0-py312h0dfefe5_1.conda
  hash:
    md5: 311fcf3f6a8c4eb70f912798035edd35
    sha256: 6178775a86579d5e8eec6a7ab316c24f1355f6c6ccbe84bb341f342f1eda2440
  category: main
  optional: false
- name: bzip2
  version: 1.0.8
  manager: conda
  platform: osx-arm64
  dependencies:
    __osx: '>=11.0'
  url: https://conda.anaconda.org/conda-forge/osx-arm64/bzip2-1.0.8-hd037594_9.conda
  hash:
    md5: 620b85a3f45526a8bc4d23fd78fc22f0
    sha256: 540fe54be35fac0c17feefbdc3e29725cce05d7367ffedfaaa1bdda234b019df
  category: main
  optional: false
- name: ca-certificates
  version: 2026.4.22
  manager: conda
  platform: osx-arm64
  dependencies:
    __unix: ''
  url: https://conda.anaconda.org/conda-forge/noarch/ca-certificates-2026.4.22-hbd8a1cb_0.conda
  hash:
    md5: e18ad67cf881dcadee8b8d9e2f8e5f73
    sha256: c9dbcc8039a52023660d6d1bbf87594a93dd69c6ac5a2a44323af2c92976728d
  category: main
  optional: false
- name: cachecontrol
  version: 0.14.3
  manager: conda
  platform: osx-arm64
  dependencies:
    msgpack-python: '>=0.5.2,<2.0.0'
    python: '>=3.9'
    requests: '>=2.16.0'
  url: https://conda.anaconda.org/conda-forge/noarch/cachecontrol-0.14.3-pyha770c72_0.conda
  hash:
    md5: 241ef6e3db47a143ac34c21bfba510f1
    sha256: ec791bb6f1ef504411f87b28946a7ae63ed1f3681cefc462cf1dfdaf0790b6a9
  category: main
  optional: false
- name: cachecontrol-with-filecache
  version: 0.14.3
  manager: conda
  platform: osx-arm64
  dependencies:
    cachecontrol: 0.14.3
    filelock: '>=3.8.0'
    python: '>=3.9'
  url: https://conda.anaconda.org/conda-forge/noarch/cachecontrol-with-filecache-0.14.3-pyhd8ed1ab_0.conda
  hash:
    md5: b4af8c1b61929b1bcb001c2953882149
    sha256: 4ba4d08fba095556b7f1e06ec1dca068b367e68aadab0aca73115d02ddfcd518
  category: main
  optional: false
- name: certifi
  version: 2026.4.22
  manager: conda
  platform: osx-arm64
  dependencies:
    python: '>=3.10'
  url: https://conda.anaconda.org/conda-forge/noarch/certifi-2026.4.22-pyhd8ed1ab_0.conda
  hash:
    md5: 929471569c93acefb30282a22060dcd5
    sha256: 989db6e5957c4b44fa600c68c681ec2f36a55e48f7c7f1c073d5e91caa8cd878
  category: main
  optional: false
- name: cffi
  version: 2.0.0
  manager: conda
  platform: osx-arm64
  dependencies:
    __osx: '>=11.0'
    libffi: '>=3.5.2,<3.6.0a0'
    pycparser: ''
    python: '>=3.12,<3.13.0a0'
    python_abi: 3.12.*
  url: https://conda.anaconda.org/conda-forge/osx-arm64/cffi-2.0.0-py312h1b4d9a2_1.conda
  hash:
    md5: 503ac138ad3cfc09459738c0f5750705
    sha256: 597e986ac1a1bd1c9b29d6850e1cdea4a075ce8292af55568952ec670e7dd358
  category: main
  optional: false
- name: charset-normalizer
  version: 3.4.7
  manager: conda
  platform: osx-arm64
  dependencies:
    python: '>=3.10'
  url: https://conda.anaconda.org/conda-forge/noarch/charset-normalizer-3.4.7-pyhd8ed1ab_0.conda
  hash:
    md5: a9167b9571f3baa9d448faa2139d1089
    sha256: 3f9483d62ce24ecd063f8a5a714448445dc8d9e201147c46699fc0033e824457
  category: main
  optional: false
- name: click
  version: 8.3.3
  manager: conda
  platform: osx-arm64
  dependencies:
    __unix: ''
    python: '>=3.10'
  url: https://conda.anaconda.org/conda-forge/noarch/click-8.3.3-pyhc90fa1f_0.conda
  hash:
    md5: 2266262ce8a425ecb6523d765f79b303
    sha256: 37a5d8b10ea3516e2c42f870c9c351b9f7b31ff48c66d83490039f417e1e5228
  category: main
  optional: false
- name: click-default-group
  version: 1.2.4
  manager: conda
  platform: osx-arm64
  dependencies:
    click: ''
    python: '>=3.9'
  url: https://conda.anaconda.org/conda-forge/noarch/click-default-group-1.2.4-pyhd8ed1ab_1.conda
  hash:
    md5: 7cd83dd6831b61ad9624a694e4afd7dc
    sha256: cb7279eecddbd35ea78fd0e189a9a7db8b84c2c0e3b1271cf26251615f75dc4d
  category: main
  optional: false
- name: colorama
  version: 0.4.6
  manager: conda
  platform: osx-arm64
  dependencies:
    python: '>=3.9'
  url: https://conda.anaconda.org/conda-forge/noarch/colorama-0.4.6-pyhd8ed1ab_1.conda
  hash:
    md5: 962b9857ee8e7018c22f2776ffa0b2d7
    sha256: ab29d57dc70786c1269633ba3dff20288b81664d3ff8d21af995742e2bb03287
  category: main
  optional: false
- name: conda-lock
  version: 4.0.0
  manager: conda
  platform: osx-arm64
  dependencies:
    __osx: ''
    boltons: '>=23.0.0'
    cachecontrol: '>=0.14.0,<0.15.0'
    cachecontrol-with-filecache: ''
    charset-normalizer: ''
    click: '>=8.0'
    click-default-group: ''
    crashtest: '>=0.4.1,<0.5.0'
    dulwich: '>=0.22.6,<0.25.0'
    ensureconda: '>=1.4.7'
    filelock: ''
    gitpython: '>=3.1.30'
    importlib-metadata: '>=4.4'
    jinja2: ''
    keyring: '>=25.1.0,<26.0.0'
    packaging: '>=24.0'
    pkginfo: '>=1.12,<2.0'
    platformdirs: '>=3.10.0,<5.0.0'
    pydantic: '>=2'
    pyproject_hooks: '>=1.0.0,<2.0.0'
    python: ''
    python-build: '>=1.2.1,<2.0.0'
    python-fastjsonschema: '>=2.18.0,<3.0.0'
    python-installer: '>=0.7.0,<0.8.0'
    pyyaml: '>=5.1'
    requests: '>=2.26,<3.0'
    requests-toolbelt: '>=1.0.0,<2.0.0'
    ruamel.yaml: ''
    semver: '>=3,<4'
    setuptools: ''
    shellingham: '>=1.5,<2.0'
    tomli: '>=2.0.1,<3.0.0'
    tomlkit: '>=0.11.4,<1.0.0'
    trove-classifiers: '>=2022.5.19'
    typing_extensions: '>=4.6.1'
    virtualenv: '>=20.26.6,<21.0.0'
    xattr: '>=1.0.0,<2.0.0'
    zstandard: '>=0.15'
  url: https://conda.anaconda.org/conda-forge/noarch/conda-lock-4.0.0-pyh5552912_0.conda
  hash:
    md5: 0b61fc8c8f0c436e0602df2d9b9b1313
    sha256: ce71f3ef33eeb9c0407c91d7033078aa68f5bf494e49972e8dee95d9b00e4e7a
  category: main
  optional: false
- name: conda-package-streaming
  version: 0.12.0
  manager: conda
  platform: osx-arm64
  dependencies:
    python: '>=3.9'
    zstandard: '>=0.15'
  url: https://conda.anaconda.org/conda-forge/noarch/conda-package-streaming-0.12.0-pyhd8ed1ab_0.conda
  hash:
    md5: ff75d06af779966a5aeae1be1d409b96
    sha256: 11b76b0be2f629e8035be1d723ccb6e583eb0d2af93bde56113da7fa6e2f2649
  category: main
  optional: false
- name: crashtest
  version: 0.4.1
  manager: conda
  platform: osx-arm64
  dependencies:
    python: '>=3.9,<4.0'
  url: https://conda.anaconda.org/conda-forge/noarch/crashtest-0.4.1-pyhd8ed1ab_1.conda
  hash:
    md5: e036e2f76d9c9aebc12510ed23352b6c
    sha256: af1622b15f8c7411d9c14b8adf970cec16fec8a28b98069fdf42b1cd2259ccc9
  category: main
  optional: false
- name: distlib
  version: 0.4.0
  manager: conda
  platform: osx-arm64
  dependencies:
    python: '>=3.9'
  url: https://conda.anaconda.org/conda-forge/noarch/distlib-0.4.0-pyhd8ed1ab_0.conda
  hash:
    md5: 003b8ba0a94e2f1e117d0bd46aebc901
    sha256: 6d977f0b2fc24fee21a9554389ab83070db341af6d6f09285360b2e09ef8b26e
  category: main
  optional: false
- name: dulwich
  version: 0.24.10
  manager: conda
  platform: osx-arm64
  dependencies:
    __osx: '>=11.0'
    python: '>=3.12,<3.13.0a0'
    python_abi: 3.12.*
    setuptools: ''
    urllib3: '>=2.2.2'
  url: https://conda.anaconda.org/conda-forge/osx-arm64/dulwich-0.24.10-py312h7a0e18e_1.conda
  hash:
    md5: b82d6dbb9a4c1b28731929a1b7b0fc44
    sha256: 5653677a8229efe4742e21caa02a3c418d253326fc325e6934d878955841875d
  category: main
  optional: false
- name: ensureconda
  version: 1.6.0
  manager: conda
  platform: osx-arm64
  dependencies:
    appdirs: ''
    click: '>=5.1'
    conda-package-streaming: ''
    filelock: ''
    packaging: ''
    python: ''
    requests: '>=2'
  url: https://conda.anaconda.org/conda-forge/noarch/ensureconda-1.6.0-pyhcf101f3_0.conda
  hash:
    md5: fcc02785e4da41e5f19f740e017b6ffb
    sha256: e3c35c7cee4e6db53de4ad1ca6d35b7aced263d21a6ee2dcdffe401135646ab2
  category: main
  optional: false
- name: filelock
  version: 3.29.0
  manager: conda
  platform: osx-arm64
  dependencies:
    python: '>=3.10'
  url: https://conda.anaconda.org/conda-forge/noarch/filelock-3.29.0-pyhd8ed1ab_0.conda
  hash:
    md5: 8fa8358d022a3a9bd101384a808044c6
    sha256: 6b471a18372bbd52bdf32fc965f71de3bc1b5219418b8e6b3875a67a7b08c483
  category: main
  optional: false
- name: gitdb
  version: 4.0.12
  manager: conda
  platform: osx-arm64
  dependencies:
    python: '>=3.9'
    smmap: '>=3.0.1,<6'
  url: https://conda.anaconda.org/conda-forge/noarch/gitdb-4.0.12-pyhd8ed1ab_0.conda
  hash:
    md5: 7c14f3706e099f8fcd47af2d494616cc
    sha256: dbbec21a369872c8ebe23cb9a3b9d63638479ee30face165aa0fccc96e93eec3
  category: main
  optional: false
- name: gitpython
  version: 3.1.47
  manager: conda
  platform: osx-arm64
  dependencies:
    gitdb: '>=4.0.1,<5'
    python: '>=3.10'
    typing_extensions: '>=3.10.0.2'
  url: https://conda.anaconda.org/conda-forge/noarch/gitpython-3.1.47-pyhd8ed1ab_0.conda
  hash:
    md5: 7ae7e7bac8a1543c8ceb25dc61605cbd
    sha256: b9b2c350d70033a5cf623831f720ea51f1fa047e11b0fe7472c9871677eeafec
  category: main
  optional: false
- name: h2
  version: 4.3.0
  manager: conda
  platform: osx-arm64
  dependencies:
    hpack: '>=4.1,<5'
    hyperframe: '>=6.1,<7'
    python: ''
  url: https://conda.anaconda.org/conda-forge/noarch/h2-4.3.0-pyhcf101f3_0.conda
  hash:
    md5: 164fc43f0b53b6e3a7bc7dce5e4f1dc9
    sha256: 84c64443368f84b600bfecc529a1194a3b14c3656ee2e832d15a20e0329b6da3
  category: main
  optional: false
- name: hpack
  version: 4.1.0
  manager: conda
  platform: osx-arm64
  dependencies:
    python: '>=3.9'
  url: https://conda.anaconda.org/conda-forge/noarch/hpack-4.1.0-pyhd8ed1ab_0.conda
  hash:
    md5: 0a802cb9888dd14eeefc611f05c40b6e
    sha256: 6ad78a180576c706aabeb5b4c8ceb97c0cb25f1e112d76495bff23e3779948ba
  category: main
  optional: false
- name: hyperframe
  version: 6.1.0
  manager: conda
  platform: osx-arm64
  dependencies:
    python: '>=3.9'
  url: https://conda.anaconda.org/conda-forge/noarch/hyperframe-6.1.0-pyhd8ed1ab_0.conda
  hash:
    md5: 8e6923fc12f1fe8f8c4e5c9f343256ac
    sha256: 77af6f5fe8b62ca07d09ac60127a30d9069fdc3c68d6b256754d0ffb1f7779f8
  category: main
  optional: false
- name: idna
  version: '3.13'
  manager: conda
  platform: osx-arm64
  dependencies:
    python: ''
  url: https://conda.anaconda.org/conda-forge/noarch/idna-3.13-pyhcf101f3_0.conda
  hash:
    md5: fb7130c190f9b4ec91219840a05ba3ac
    sha256: 9ab620e6f64bb67737bd7bc1ad6f480770124e304c6710617aba7fe60b089f48
  category: main
  optional: false
- name: importlib-metadata
  version: 8.8.0
  manager: conda
  platform: osx-arm64
  dependencies:
    python: ''
    zipp: '>=3.20'
  url: https://conda.anaconda.org/conda-forge/noarch/importlib-metadata-8.8.0-pyhcf101f3_0.conda
  hash:
    md5: 080594bf4493e6bae2607e65390c520a
    sha256: 82ab2a0d91ca1e7e63ab6a4939356667ef683905dea631bc2121aa534d347b16
  category: main
  optional: false
- name: importlib_resources
  version: 7.1.0
  manager: conda
  platform: osx-arm64
  dependencies:
    python: '>=3.10'
    zipp: '>=3.1.0'
  url: https://conda.anaconda.org/conda-forge/noarch/importlib_resources-7.1.0-pyhd8ed1ab_0.conda
  hash:
    md5: 0ba6225c279baf7ea9473a62ea0ec9ae
    sha256: a563a51aa522998172838e867e6dedcf630bc45796e8612f5a1f6d73e9c8125a
  category: main
  optional: false
- name: jaraco.classes
  version: 3.4.0
  manager: conda
  platform: osx-arm64
  dependencies:
    more-itertools: ''
    python: ''
  url: https://conda.anaconda.org/conda-forge/noarch/jaraco.classes-3.4.0-pyhcf101f3_3.conda
  hash:
    md5: d59568bad316413c89831456e691de29
    sha256: 3cc991f0f09dfd00d2626e745ba68da03e4f1dcbb7b36dd20f7a7373643cd5d5
  category: main
  optional: false
- name: jaraco.context
  version: 6.1.2
  manager: conda
  platform: osx-arm64
  dependencies:
    backports.tarfile: ''
    python: ''
  url: https://conda.anaconda.org/conda-forge/noarch/jaraco.context-6.1.2-pyhcf101f3_0.conda
  hash:
    md5: b9d2b1ffa307961f6bb7d83c8ba8a8be
    sha256: 108b3919db8ef81b5585b38a3fedbe9eeccdf8fa576c250a13559a1188f597cc
  category: main
  optional: false
- name: jaraco.functools
  version: 4.4.0
  manager: conda
  platform: osx-arm64
  dependencies:
    more-itertools: ''
    python: ''
  url: https://conda.anaconda.org/conda-forge/noarch/jaraco.functools-4.4.0-pyhcf101f3_1.conda
  hash:
    md5: aa83cc08626bf6b613a3103942be8951
    sha256: 6a91447b3bb4d7ae94cc0d77ed12617796629aee11111efe7ea43cbd0e113bda
  category: main
  optional: false
- name: jinja2
  version: 3.1.6
  manager: conda
  platform: osx-arm64
  dependencies:
    markupsafe: '>=2.0'
    python: ''
  url: https://conda.anaconda.org/conda-forge/noarch/jinja2-3.1.6-pyhcf101f3_1.conda
  hash:
    md5: 04558c96691bed63104678757beb4f8d
    sha256: fc9ca7348a4f25fed2079f2153ecdcf5f9cf2a0bc36c4172420ca09e1849df7b
  category: main
  optional: false
- name: keyring
  version: 25.7.0
  manager: conda
  platform: osx-arm64
  dependencies:
    __osx: ''
    importlib-metadata: '>=4.11.4'
    importlib_resources: ''
    jaraco.classes: ''
    jaraco.context: ''
    jaraco.functools: ''
    python: '>=3.10'
  url: https://conda.anaconda.org/conda-forge/noarch/keyring-25.7.0-pyh534df25_0.conda
  hash:
    md5: c88f9579d08eb4031159f03640714ce3
    sha256: 9def5c6fb3b3b4952a4f6b55a019b5c7065b592682b84710229de5a0b73f6364
  category: main
  optional: false
- name: libcxx
  version: 22.1.4
  manager: conda
  platform: osx-arm64
  dependencies:
    __osx: '>=11.0'
  url: https://conda.anaconda.org/conda-forge/osx-arm64/libcxx-22.1.4-h55c6f16_0.conda
  hash:
    md5: 448a1af83a9205655ee1cf48d3875ca3
    sha256: 25a0d02148a39b665d9c2957676faf62a4d2a58494d53b201151199a197db4b0
  category: main
  optional: false
- name: libexpat
  version: 2.7.5
  manager: conda
  platform: osx-arm64
  dependencies:
    __osx: '>=11.0'
  url: https://conda.anaconda.org/conda-forge/osx-arm64/libexpat-2.7.5-hf6b4638_0.conda
  hash:
    md5: a32123f93e168eaa4080d87b0fb5da8a
    sha256: 06780dec91dd25770c8cf01e158e1062fbf7c576b1406427475ce69a8af75b7e
  category: main
  optional: false
- name: libffi
  version: 3.5.2
  manager: conda
  platform: osx-arm64
  dependencies:
    __osx: '>=11.0'
  url: https://conda.anaconda.org/conda-forge/osx-arm64/libffi-3.5.2-hcf2aa1b_0.conda
  hash:
    md5: 43c04d9cb46ef176bb2a4c77e324d599
    sha256: 6686a26466a527585e6a75cc2a242bf4a3d97d6d6c86424a441677917f28bec7
  category: main
  optional: false
- name: liblzma
  version: 5.8.3
  manager: conda
  platform: osx-arm64
  dependencies:
    __osx: '>=11.0'
  url: https://conda.anaconda.org/conda-forge/osx-arm64/liblzma-5.8.3-h8088a28_0.conda
  hash:
    md5: b1fd823b5ae54fbec272cea0811bd8a9
    sha256: 34878d87275c298f1a732c6806349125cebbf340d24c6c23727268184bba051e
  category: main
  optional: false
- name: libsqlite
  version: 3.53.0
  manager: conda
  platform: osx-arm64
  dependencies:
    __osx: '>=11.0'
    libzlib: '>=1.3.2,<2.0a0'
  url: https://conda.anaconda.org/conda-forge/osx-arm64/libsqlite-3.53.0-h1b79a29_0.conda
  hash:
    md5: 8423c008105df35485e184066cad4566
    sha256: 1a9d1e3e18dbb0b87cff3b40c3e42703730d7ac7ee9b9322c2682196a81ba0c3
  category: main
  optional: false
- name: libzlib
  version: 1.3.2
  manager: conda
  platform: osx-arm64
  dependencies:
    __osx: '>=11.0'
  url: https://conda.anaconda.org/conda-forge/osx-arm64/libzlib-1.3.2-h8088a28_2.conda
  hash:
    md5: bc5a5721b6439f2f62a84f2548136082
    sha256: 361415a698514b19a852f5d1123c5da746d4642139904156ddfca7c922d23a05
  category: main
  optional: false
- name: markupsafe
  version: 3.0.3
  manager: conda
  platform: osx-arm64
  dependencies:
    __osx: '>=11.0'
    python: '>=3.12,<3.13.0a0'
    python_abi: 3.12.*
  url: https://conda.anaconda.org/conda-forge/osx-arm64/markupsafe-3.0.3-py312h04c11ed_1.conda
  hash:
    md5: 11d95ab83ef0a82cc2de12c1e0b47fe4
    sha256: 330394fb9140995b29ae215a19fad46fcc6691bdd1b7654513d55a19aaa091c1
  category: main
  optional: false
- name: more-itertools
  version: 11.0.2
  manager: conda
  platform: osx-arm64
  dependencies:
    python: ''
  url: https://conda.anaconda.org/conda-forge/noarch/more-itertools-11.0.2-pyhcf101f3_0.conda
  hash:
    md5: b874955758a30a37c78b82ea5cf78fdb
    sha256: 74f7b461e0f0e0709a0c8abb018de9ad885258b74790ffda1e750ac5ddde0a85
  category: main
  optional: false
- name: msgpack-python
  version: 1.1.2
  manager: conda
  platform: osx-arm64
  dependencies:
    __osx: '>=11.0'
    libcxx: '>=19'
    python: '>=3.12,<3.13.0a0'
    python_abi: 3.12.*
  url: https://conda.anaconda.org/conda-forge/osx-arm64/msgpack-python-1.1.2-py312h84eede6_1.conda
  hash:
    md5: e3973f0ac5ac854bf86f0d5674a1a289
    sha256: 1540339678e13365001453fdcb698887075a2b326d5fab05cfd0f4fdefae4eab
  category: main
  optional: false
- name: ncurses
  version: '6.5'
  manager: conda
  platform: osx-arm64
  dependencies:
    __osx: '>=11.0'
  url: https://conda.anaconda.org/conda-forge/osx-arm64/ncurses-6.5-h5e97a16_3.conda
  hash:
    md5: 068d497125e4bf8a66bf707254fff5ae
    sha256: 2827ada40e8d9ca69a153a45f7fd14f32b2ead7045d3bbb5d10964898fe65733
  category: main
  optional: false
- name: openssl
  version: 3.6.2
  manager: conda
  platform: osx-arm64
  dependencies:
    __osx: '>=11.0'
    ca-certificates: ''
  url: https://conda.anaconda.org/conda-forge/osx-arm64/openssl-3.6.2-hd24854e_0.conda
  hash:
    md5: 25dcccd4f80f1638428613e0d7c9b4e1
    sha256: c91bf510c130a1ea1b6ff023e28bac0ccaef869446acd805e2016f69ebdc49ea
  category: main
  optional: false
- name: packaging
  version: '26.2'
  manager: conda
  platform: osx-arm64
  dependencies:
    python: ''
  url: https://conda.anaconda.org/conda-forge/noarch/packaging-26.2-pyhc364b38_0.conda
  hash:
    md5: 4c06a92e74452cfa53623a81592e8934
    sha256: 3906abfb6511a3bb309e39b9b1b7bc38f50a723971de2395489fd1f379255890
  category: main
  optional: false
- name: pip
  version: 26.0.1
  manager: conda
  platform: osx-arm64
  dependencies:
    python: '>=3.10,<3.13.0a0'
    setuptools: ''
    wheel: ''
  url: https://conda.anaconda.org/conda-forge/noarch/pip-26.0.1-pyh8b19718_0.conda
  hash:
    md5: 67bdec43082fd8a9cffb9484420b39a2
    sha256: 8e1497814a9997654ed7990a79c054ea5a42545679407acbc6f7e809c73c9120
  category: main
  optional: false
- name: pkginfo
  version: 1.12.1.2
  manager: conda
  platform: osx-arm64
  dependencies:
    python: '>=3.9'
  url: https://conda.anaconda.org/conda-forge/noarch/pkginfo-1.12.1.2-pyhd8ed1ab_0.conda
  hash:
    md5: dc702b2fae7ebe770aff3c83adb16b63
    sha256: 353fd5a2c3ce31811a6272cd328874eb0d327b1eafd32a1e19001c4ad137ad3a
  category: main
  optional: false
- name: platformdirs
  version: 4.9.6
  manager: conda
  platform: osx-arm64
  dependencies:
    python: ''
  url: https://conda.anaconda.org/conda-forge/noarch/platformdirs-4.9.6-pyhcf101f3_0.conda
  hash:
    md5: 89c0b6d1793601a2a3a3f7d2d3d8b937
    sha256: 8f29915c172f1f7f4f7c9391cd5dac3ebf5d13745c8b7c8006032615246345a5
  category: main
  optional: false
- name: pycparser
  version: '2.22'
  manager: conda
  platform: osx-arm64
  dependencies:
    python: ''
  url: https://conda.anaconda.org/conda-forge/noarch/pycparser-2.22-pyh29332c3_1.conda
  hash:
    md5: 12c566707c80111f9799308d9e265aef
    sha256: 79db7928d13fab2d892592223d7570f5061c192f27b9febd1a418427b719acc6
  category: main
  optional: false
- name: pydantic
  version: 2.13.3
  manager: conda
  platform: osx-arm64
  dependencies:
    annotated-types: '>=0.6.0'
    pydantic-core: 2.46.3
    python: ''
    typing-inspection: '>=0.4.2'
    typing_extensions: '>=4.14.1'
  url: https://conda.anaconda.org/conda-forge/noarch/pydantic-2.13.3-pyhcf101f3_0.conda
  hash:
    md5: f690e6f204efd2e5c06b57518a383d98
    sha256: 12909d5c2bfb31492667dd4132ac900dd47f8162bd8b1dd9e5973ce8ea28ca1a
  category: main
  optional: false
- name: pydantic-core
  version: 2.46.3
  manager: conda
  platform: osx-arm64
  dependencies:
    __osx: '>=11.0'
    python: 3.12.*
    python_abi: 3.12.*
    typing-extensions: '>=4.6.0,!=4.7.0'
  url: https://conda.anaconda.org/conda-forge/osx-arm64/pydantic-core-2.46.3-py312hb9d4441_0.conda
  hash:
    md5: e2b7b7a7310c7874d24739eb34e293a7
    sha256: 5feb1dadf5f2b328f97f7b50b6ea370c1a27c644d10e95459e6498cc37f837cc
  category: main
  optional: false
- name: pyproject_hooks
  version: 1.2.0
  manager: conda
  platform: osx-arm64
  dependencies:
    python: '>=3.9'
    tomli: '>=1.1.0'
  url: https://conda.anaconda.org/conda-forge/noarch/pyproject_hooks-1.2.0-pyhd8ed1ab_1.conda
  hash:
    md5: d4582021af437c931d7d77ec39007845
    sha256: 065ac44591da9abf1ff740feb25929554b920b00d09287a551fcced2c9791092
  category: main
  optional: false
- name: pysocks
  version: 1.7.1
  manager: conda
  platform: osx-arm64
  dependencies:
    __unix: ''
    python: '>=3.9'
  url: https://conda.anaconda.org/conda-forge/noarch/pysocks-1.7.1-pyha55dd90_7.conda
  hash:
    md5: 461219d1a5bd61342293efa2c0c90eac
    sha256: ba3b032fa52709ce0d9fd388f63d330a026754587a2f461117cac9ab73d8d0d8
  category: main
  optional: false
- name: python
  version: 3.12.13
  manager: conda
  platform: osx-arm64
  dependencies:
    __osx: '>=11.0'
    bzip2: '>=1.0.8,<2.0a0'
    libexpat: '>=2.7.4,<3.0a0'
    libffi: '>=3.5.2,<3.6.0a0'
    liblzma: '>=5.8.2,<6.0a0'
    libsqlite: '>=3.51.2,<4.0a0'
    libzlib: '>=1.3.1,<2.0a0'
    ncurses: '>=6.5,<7.0a0'
    openssl: '>=3.5.5,<4.0a0'
    readline: '>=8.3,<9.0a0'
    tk: '>=8.6.13,<8.7.0a0'
    tzdata: ''
  url: https://conda.anaconda.org/conda-forge/osx-arm64/python-3.12.13-h8561d8f_0_cpython.conda
  hash:
    md5: 8e7608172fa4d1b90de9a745c2fd2b81
    sha256: e658e647a4a15981573d6018928dec2c448b10c77c557c29872043ff23c0eb6a
  category: main
  optional: false
- name: python-build
  version: 1.4.4
  manager: conda
  platform: osx-arm64
  dependencies:
    colorama: ''
    importlib-metadata: '>=4.6'
    packaging: '>=24.0'
    pyproject_hooks: ''
    python: ''
    tomli: '>=1.1.0'
  url: https://conda.anaconda.org/conda-forge/noarch/python-build-1.4.4-pyhc364b38_0.conda
  hash:
    md5: fc7f0333ad8324e9d1c9d71258e2e200
    sha256: f8f5131c43b2ba876e9b29299c646435c45217fdac3a5553ddd42ed74bdc8ab0
  category: main
  optional: false
- name: python-fastjsonschema
  version: 2.21.2
  manager: conda
  platform: osx-arm64
  dependencies:
    python: ''
  url: https://conda.anaconda.org/conda-forge/noarch/python-fastjsonschema-2.21.2-pyhe01879c_0.conda
  hash:
    md5: 23029aae904a2ba587daba708208012f
    sha256: df9aa74e9e28e8d1309274648aac08ec447a92512c33f61a8de0afa9ce32ebe8
  category: main
  optional: false
- name: python-installer
  version: 0.7.0
  manager: conda
  platform: osx-arm64
  dependencies:
    python: '>=3.9'
  url: https://conda.anaconda.org/conda-forge/noarch/python-installer-0.7.0-pyhff2d567_1.conda
  hash:
    md5: e27480eebcdf247209e90da706ebef8d
    sha256: f1fc3e9561b6d3bee2f738f5b1818b51124f45a2b28b3bf6c2174d629276e069
  category: main
  optional: false
- name: python_abi
  version: '3.12'
  manager: conda
  platform: osx-arm64
  dependencies: {}
  url: https://conda.anaconda.org/conda-forge/noarch/python_abi-3.12-8_cp312.conda
  hash:
    md5: c3efd25ac4d74b1584d2f7a57195ddf1
    sha256: 80677180dd3c22deb7426ca89d6203f1c7f1f256f2d5a94dc210f6e758229809
  category: main
  optional: false
- name: pyyaml
  version: 6.0.3
  manager: conda
  platform: osx-arm64
  dependencies:
    __osx: '>=11.0'
    python: '>=3.12,<3.13.0a0'
    python_abi: 3.12.*
    yaml: '>=0.2.5,<0.3.0a0'
  url: https://conda.anaconda.org/conda-forge/osx-arm64/pyyaml-6.0.3-py312h04c11ed_1.conda
  hash:
    md5: 95a5f0831b5e0b1075bbd80fcffc52ac
    sha256: 737959262d03c9c305618f2d48c7f1691fb996f14ae420bfd05932635c99f873
  category: main
  optional: false
- name: readline
  version: '8.3'
  manager: conda
  platform: osx-arm64
  dependencies:
    __osx: '>=11.0'
    ncurses: '>=6.5,<7.0a0'
  url: https://conda.anaconda.org/conda-forge/osx-arm64/readline-8.3-h46df422_0.conda
  hash:
    md5: f8381319127120ce51e081dce4865cf4
    sha256: a77010528efb4b548ac2a4484eaf7e1c3907f2aec86123ed9c5212ae44502477
  category: main
  optional: false
- name: requests
  version: 2.33.1
  manager: conda
  platform: osx-arm64
  dependencies:
    certifi: '>=2023.5.7'
    charset-normalizer: '>=2,<4'
    idna: '>=2.5,<4'
    python: ''
    urllib3: '>=1.26,<3'
  url: https://conda.anaconda.org/conda-forge/noarch/requests-2.33.1-pyhcf101f3_1.conda
  hash:
    md5: 9659f587a8ceacc21864260acd02fc67
    sha256: 7f2c24dd3bd3c104a1d2c9a10ead5ed6758b0976b74f972cfe9c19884ccc4241
  category: main
  optional: false
- name: requests-toolbelt
  version: 1.0.0
  manager: conda
  platform: osx-arm64
  dependencies:
    python: '>=3.9'
    requests: '>=2.0.1,<3.0.0'
  url: https://conda.anaconda.org/conda-forge/noarch/requests-toolbelt-1.0.0-pyhd8ed1ab_1.conda
  hash:
    md5: 66de8645e324fda0ea6ef28c2f99a2ab
    sha256: c0b815e72bb3f08b67d60d5e02251bbb0164905b5f72942ff5b6d2a339640630
  category: main
  optional: false
- name: ruamel.yaml
  version: 0.19.1
  manager: conda
  platform: osx-arm64
  dependencies:
    python: ''
    ruamel.yaml.clib: '>=0.2.15'
  url: https://conda.anaconda.org/conda-forge/noarch/ruamel.yaml-0.19.1-pyhcf101f3_0.conda
  hash:
    md5: 06ad944772941d5dae1e0d09848d8e49
    sha256: b48bebe297a63ae60f52e50be328262e880702db4d9b4e86731473ada459c2a1
  category: main
  optional: false
- name: ruamel.yaml.clib
  version: 0.2.15
  manager: conda
  platform: osx-arm64
  dependencies:
    __osx: '>=11.0'
    python: 3.12.*
    python_abi: 3.12.*
  url: https://conda.anaconda.org/conda-forge/osx-arm64/ruamel.yaml.clib-0.2.15-py312hb3ab3e3_1.conda
  hash:
    md5: b3f01912f92602e178c7106d5191f06e
    sha256: ee60a8409096aec04e713c7d98b744689eabb0a98a6cd7b122e896636ec28696
  category: main
  optional: false
- name: semver
  version: 3.0.4
  manager: conda
  platform: osx-arm64
  dependencies:
    python: ''
  url: https://conda.anaconda.org/conda-forge/noarch/semver-3.0.4-pyhcf101f3_1.conda
  hash:
    md5: 8e7be844ccb9706a999a337e056606ab
    sha256: bea67173ed67c73cf16691ef72e58059492ac1ed1c880cfbeb6f1295c5add7d6
  category: main
  optional: false
- name: setuptools
  version: 82.0.1
  manager: conda
  platform: osx-arm64
  dependencies:
    python: '>=3.10'
  url: https://conda.anaconda.org/conda-forge/noarch/setuptools-82.0.1-pyh332efcf_0.conda
  hash:
    md5: 8e194e7b992f99a5015edbd4ebd38efd
    sha256: 82088a6e4daa33329a30bc26dc19a98c7c1d3f05c0f73ce9845d4eab4924e9e1
  category: main
  optional: false
- name: shellingham
  version: 1.5.4
  manager: conda
  platform: osx-arm64
  dependencies:
    python: '>=3.10'
  url: https://conda.anaconda.org/conda-forge/noarch/shellingham-1.5.4-pyhd8ed1ab_2.conda
  hash:
    md5: 83ea3a2ddb7a75c1b09cea582aa4f106
    sha256: 1d6534df8e7924d9087bd388fbac5bd868c5bf8971c36885f9f016da0657d22b
  category: main
  optional: false
- name: smmap
  version: 5.0.3
  manager: conda
  platform: osx-arm64
  dependencies:
    python: '>=3.9'
  url: https://conda.anaconda.org/conda-forge/noarch/smmap-5.0.3-pyhd8ed1ab_0.conda
  hash:
    md5: 69db183edbe5b7c3e6c157980057a9d0
    sha256: ae723ba6ab7b1998a04ef16b357c1e0043ffd4f4ac9b0da71e393680343a3c86
  category: main
  optional: false
- name: tk
  version: 8.6.13
  manager: conda
  platform: osx-arm64
  dependencies:
    __osx: '>=11.0'
    libzlib: '>=1.3.1,<2.0a0'
  url: https://conda.anaconda.org/conda-forge/osx-arm64/tk-8.6.13-h010d191_3.conda
  hash:
    md5: a9d86bc62f39b94c4661716624eb21b0
    sha256: 799cab4b6cde62f91f750149995d149bc9db525ec12595e8a1d91b9317f038b3
  category: main
  optional: false
- name: tomli
  version: 2.4.1
  manager: conda
  platform: osx-arm64
  dependencies:
    python: ''
  url: https://conda.anaconda.org/conda-forge/noarch/tomli-2.4.1-pyhcf101f3_0.conda
  hash:
    md5: b5325cf06a000c5b14970462ff5e4d58
    sha256: 91cafdb64268e43e0e10d30bd1bef5af392e69f00edd34dfaf909f69ab2da6bd
  category: main
  optional: false
- name: tomlkit
  version: 0.14.0
  manager: conda
  platform: osx-arm64
  dependencies:
    python: '>=3.10'
  url: https://conda.anaconda.org/conda-forge/noarch/tomlkit-0.14.0-pyha770c72_0.conda
  hash:
    md5: 385dca77a8b0ec6fa9b92cb62d09b43b
    sha256: b35082091c8efd084e51bc3a4a2d3b07897eff232aaf58cbc0f959b6291a6a93
  category: main
  optional: false
- name: trove-classifiers
  version: 2026.1.14.14
  manager: conda
  platform: osx-arm64
  dependencies:
    python: '>=3.10'
  url: https://conda.anaconda.org/conda-forge/noarch/trove-classifiers-2026.1.14.14-pyhd8ed1ab_0.conda
  hash:
    md5: f5793a97363a42fd6a98f31f29537bbc
    sha256: 302d576f7e44fa13d2849b901772a04f1c2aabc5d6b6c7dcdc5a271bcffd50fe
  category: main
  optional: false
- name: typing-extensions
  version: 4.15.0
  manager: conda
  platform: osx-arm64
  dependencies:
    typing_extensions: ==4.15.0
  url: https://conda.anaconda.org/conda-forge/noarch/typing-extensions-4.15.0-h396c80c_0.conda
  hash:
    md5: edd329d7d3a4ab45dcf905899a7a6115
    sha256: 7c2df5721c742c2a47b2c8f960e718c930031663ac1174da67c1ed5999f7938c
  category: main
  optional: false
- name: typing-inspection
  version: 0.4.2
  manager: conda
  platform: osx-arm64
  dependencies:
    python: ''
    typing_extensions: '>=4.12.0'
  url: https://conda.anaconda.org/conda-forge/noarch/typing-inspection-0.4.2-pyhcf101f3_2.conda
  hash:
    md5: 53f5409c5cfd6c5a66417d68e3f0a864
    sha256: 8b90d2f19f9458b8c58a55e1fcdc1d90c1603a847a47654d8a454549413ba60a
  category: main
  optional: false
- name: typing_extensions
  version: 4.15.0
  manager: conda
  platform: osx-arm64
  dependencies:
    python: ''
  url: https://conda.anaconda.org/conda-forge/noarch/typing_extensions-4.15.0-pyhcf101f3_0.conda
  hash:
    md5: 0caa1af407ecff61170c9437a808404d
    sha256: 032271135bca55aeb156cee361c81350c6f3fb203f57d024d7e5a1fc9ef18731
  category: main
  optional: false
- name: tzdata
  version: 2025c
  manager: conda
  platform: osx-arm64
  dependencies: {}
  url: https://conda.anaconda.org/conda-forge/noarch/tzdata-2025c-hc9c84f9_1.conda
  hash:
    md5: ad659d0a2b3e47e38d829aa8cad2d610
    sha256: 1d30098909076af33a35017eed6f2953af1c769e273a0626a04722ac4acaba3c
  category: main
  optional: false
- name: urllib3
  version: 2.6.3
  manager: conda
  platform: osx-arm64
  dependencies:
    backports.zstd: '>=1.0.0'
    brotli-python: '>=1.2.0'
    h2: '>=4,<5'
    pysocks: '>=1.5.6,<2.0,!=1.5.7'
    python: '>=3.10'
  url: https://conda.anaconda.org/conda-forge/noarch/urllib3-2.6.3-pyhd8ed1ab_0.conda
  hash:
    md5: 9272daa869e03efe68833e3dc7a02130
    sha256: af641ca7ab0c64525a96fd9ad3081b0f5bcf5d1cbb091afb3f6ed5a9eee6111a
  category: main
  optional: false
- name: virtualenv
  version: 20.39.0
  manager: conda
  platform: osx-arm64
  dependencies:
    distlib: '>=0.3.7,<1'
    filelock: '>=3.24.2,<4'
    importlib-metadata: '>=6.6'
    platformdirs: '>=3.9.1,<5'
    python: ''
    typing_extensions: '>=4.13.2'
  url: https://conda.anaconda.org/conda-forge/noarch/virtualenv-20.39.0-pyhcf101f3_0.conda
  hash:
    md5: e73db224203e56b25e040446fa1584db
    sha256: de93eed364f14f08f78ff41994dfe22ff018521c4702e432630d10c0eb0eff6b
  category: main
  optional: false
- name: wheel
  version: 0.47.0
  manager: conda
  platform: osx-arm64
  dependencies:
    packaging: '>=24.0'
    python: '>=3.10'
  url: https://conda.anaconda.org/conda-forge/noarch/wheel-0.47.0-pyhd8ed1ab_0.conda
  hash:
    md5: d0e3b2f0030cf4fca58bde71d246e94c
    sha256: 9e156ffaefb8463437144326ada4b85d1de17961b9997ac5f1cbbaf747bd8bed
  category: main
  optional: false
- name: xattr
  version: 1.3.0
  manager: conda
  platform: osx-arm64
  dependencies:
    __osx: '>=11.0'
    cffi: '>=1.0.0'
    python: '>=3.12,<3.13.0a0'
    python_abi: 3.12.*
  url: https://conda.anaconda.org/conda-forge/osx-arm64/xattr-1.3.0-py312hdb5c506_1.conda
  hash:
    md5: fb58d09e9140907addbcbf494d5f0a90
    sha256: 76fb2060ddd6fd3aca2d60453b9f6f1ce9593d6a7946995921eb778a708dfc1f
  category: main
  optional: false
- name: yaml
  version: 0.2.5
  manager: conda
  platform: osx-arm64
  dependencies:
    __osx: '>=11.0'
  url: https://conda.anaconda.org/conda-forge/osx-arm64/yaml-0.2.5-h925e9cb_3.conda
  hash:
    md5: 78a0fe9e9c50d2c381e8ee47e3ea437d
    sha256: b03433b13d89f5567e828ea9f1a7d5c5d697bf374c28a4168d71e9464f5dafac
  category: main
  optional: false
- name: zipp
  version: 3.23.1
  manager: conda
  platform: osx-arm64
  dependencies:
    python: ''
  url: https://conda.anaconda.org/conda-forge/noarch/zipp-3.23.1-pyhcf101f3_0.conda
  hash:
    md5: e1c36c6121a7c9c76f2f148f1e83b983
    sha256: 523616c0530d305d2216c2b4a8dfd3872628b60083255b89c5e0d8c42e738cca
  category: main
  optional: false
- name: zstandard
  version: 0.25.0
  manager: conda
  platform: osx-arm64
  dependencies:
    __osx: '>=11.0'
    cffi: '>=1.11'
    python: 3.12.*
    python_abi: 3.12.*
    zstd: '>=1.5.7,<1.6.0a0'
  url: https://conda.anaconda.org/conda-forge/osx-arm64/zstandard-0.25.0-py312h37e1c23_1.conda
  hash:
    md5: 9300889791d4decceea3728ad3b423ec
    sha256: af843b0fe62d128a70f91dc954b2cb692f349a237b461788bd25dd928d0d1ef8
  category: main
  optional: false
- name: zstd
  version: 1.5.7
  manager: conda
  platform: osx-arm64
  dependencies:
    __osx: '>=11.0'
    libzlib: '>=1.3.1,<2.0a0'
  url: https://conda.anaconda.org/conda-forge/osx-arm64/zstd-1.5.7-hbf9d68e_6.conda
  hash:
    md5: ab136e4c34e97f34fb621d2592a393d8
    sha256: 9485ba49e8f47d2b597dd399e88f4802e100851b27c21d7525625b0b4025a5d9
  category: main
  optional: false
